hash: 5d2c714a7903e3d853eca15951ea12bf1489539ecbd5a15076ffb296c9cb584b
updated: 2017-04-04T11:06:32.230500228+02:00
imports:
- name: golang.org/x/crypto
  version: 459e26527287adbc2adcc5d0d49abff9a5f315a7
  subpackages:
  - ssh/terminal
- name: golang.org/x/sys
  version: afadfcc7779c1f4db0f6f6438afcb108d9c9c7cd
  subpackages:
  - unix
testImports: []
